{
  "name": "@plasticity/coldbrew",
  "version": "VERSION",
  "lockfileVersion": 1,
  "requires": true,
  "dependencies": {
    "comlinkjs": {
      "version": "3.1.1",
      "resolved": "https://registry.npmjs.org/comlinkjs/-/comlinkjs-3.1.1.tgz",
      "integrity": "sha512-hjKOSeVlOqVq/QFDLR9I1weBVskeBfgdEwizVkn2NtBtq6YDDBFgQIiJA5N6yJxsAvgo0fS7sHvE5XdyCyD6wQ=="
    },
    "node-comlink": {
      "version": "0.3.0",
      "resolved": "https://registry.npmjs.org/node-comlink/-/node-comlink-0.3.0.tgz",
      "integrity": "sha512-lxWvIlXnRF7ZDVR96DeffbJNIAitwdZfQWH042MOqcjRRLqdbHgUwSPmhm+Glgh0tgsK9KuJCD/g8FEaDktTAA=="
    }
  }
}
